// !$*UTF8*$!
{
	archiveVersion = 1;
	classes = {
	};
	objectVersion = 56;
	objects = {

/* Begin PBXBuildFile section */
		926DD36A2BC457A200BE2393 /* AppDelegate.swift in Sources */ = {isa = PBXBuildFile; fileRef = 926DD3692BC457A200BE2393 /* AppDelegate.swift */; };
		926DD36C2BC457A200BE2393 /* SceneDelegate.swift in Sources */ = {isa = PBXBuildFile; fileRef = 926DD36B2BC457A200BE2393 /* SceneDelegate.swift */; };
		926DD3732BC457A300BE2393 /* Assets.xcassets in Resources */ = {isa = PBXBuildFile; fileRef = 926DD3722BC457A300BE2393 /* Assets.xcassets */; };
		926DD3762BC457A300BE2393 /* LaunchScreen.storyboard in Resources */ = {isa = PBXBuildFile; fileRef = 926DD3742BC457A300BE2393 /* LaunchScreen.storyboard */; };
		926DD3812BC457A300BE2393 /* AvitoTechChallengeTests.swift in Sources */ = {isa = PBXBuildFile; fileRef = 926DD3802BC457A300BE2393 /* AvitoTechChallengeTests.swift */; };
		926DD38B2BC457A300BE2393 /* AvitoTechChallengeUITests.swift in Sources */ = {isa = PBXBuildFile; fileRef = 926DD38A2BC457A300BE2393 /* AvitoTechChallengeUITests.swift */; };
		926DD38D2BC457A300BE2393 /* AvitoTechChallengeUITestsLaunchTests.swift in Sources */ = {isa = PBXBuildFile; fileRef = 926DD38C2BC457A300BE2393 /* AvitoTechChallengeUITestsLaunchTests.swift */; };
		926DD39E2BC4590D00BE2393 /* iTunesApi.swift in Sources */ = {isa = PBXBuildFile; fileRef = 926DD39D2BC4590D00BE2393 /* iTunesApi.swift */; };
		926DD3A12BC4615900BE2393 /* ContentData.swift in Sources */ = {isa = PBXBuildFile; fileRef = 926DD3A02BC4615900BE2393 /* ContentData.swift */; };
		926DD3A32BC471CB00BE2393 /* SuggestionEngine.swift in Sources */ = {isa = PBXBuildFile; fileRef = 926DD3A22BC471CB00BE2393 /* SuggestionEngine.swift */; };
		926DD3A52BC471DD00BE2393 /* Suggestion.swift in Sources */ = {isa = PBXBuildFile; fileRef = 926DD3A42BC471DD00BE2393 /* Suggestion.swift */; };
		926DD3A72BC49EEA00BE2393 /* SearchScreenView.swift in Sources */ = {isa = PBXBuildFile; fileRef = 926DD3A62BC49EEA00BE2393 /* SearchScreenView.swift */; };
		926DD3A92BC592AB00BE2393 /* ContentCell.swift in Sources */ = {isa = PBXBuildFile; fileRef = 926DD3A82BC592AB00BE2393 /* ContentCell.swift */; };
		92A8429A2BC8600E00ACF0C0 /* SearchScreenVM.swift in Sources */ = {isa = PBXBuildFile; fileRef = 92A842992BC8600E00ACF0C0 /* SearchScreenVM.swift */; };
		92A8429C2BC9CCB600ACF0C0 /* DetailedInfoView.swift in Sources */ = {isa = PBXBuildFile; fileRef = 92A8429B2BC9CCB600ACF0C0 /* DetailedInfoView.swift */; };
		92A8429E2BCB195F00ACF0C0 /* DetailedInfoViewModel.swift in Sources */ = {isa = PBXBuildFile; fileRef = 92A8429D2BCB195F00ACF0C0 /* DetailedInfoViewModel.swift */; };
/* End PBXBuildFile section */

/* Begin PBXContainerItemProxy section */
		926DD37D2BC457A300BE2393 /* PBXContainerItemProxy */ = {
			isa = PBXContainerItemProxy;
			containerPortal = 926DD35E2BC457A200BE2393 /* Project object */;
			proxyType = 1;
			remoteGlobalIDString = 926DD3652BC457A200BE2393;
			remoteInfo = AvitoTechChallenge;
		};
		926DD3872BC457A300BE2393 /* PBXContainerItemProxy */ = {
			isa = PBXContainerItemProxy;
			containerPortal = 926DD35E2BC457A200BE2393 /* Project object */;
			proxyType = 1;
			remoteGlobalIDString = 926DD3652BC457A200BE2393;
			remoteInfo = AvitoTechChallenge;
		};
/* End PBXContainerItemProxy section */

/* Begin PBXFileReference section */
		926DD3662BC457A200BE2393 /* AvitoTechChallenge.app */ = {isa = PBXFileReference; explicitFileType = wrapper.application; includeInIndex = 0; path = AvitoTechChallenge.app; sourceTree = BUILT_PRODUCTS_DIR; };
		926DD3692BC457A200BE2393 /* AppDelegate.swift */ = {isa = PBXFileReference; lastKnownFileType = sourcecode.swift; path = AppDelegate.swift; sourceTree = "<group>"; };
		926DD36B2BC457A200BE2393 /* SceneDelegate.swift */ = {isa = PBXFileReference; lastKnownFileType = sourcecode.swift; path = SceneDelegate.swift; sourceTree = "<group>"; };
		926DD3722BC457A300BE2393 /* Assets.xcassets */ = {isa = PBXFileReference; lastKnownFileType = folder.assetcatalog; path = Assets.xcassets; sourceTree = "<group>"; };
		926DD3752BC457A300BE2393 /* Base */ = {isa = PBXFileReference; lastKnownFileType = file.storyboard; name = Base; path = Base.lproj/LaunchScreen.storyboard; sourceTree = "<group>"; };
		926DD3772BC457A300BE2393 /* Info.plist */ = {isa = PBXFileReference; lastKnownFileType = text.plist.xml; path = Info.plist; sourceTree = "<group>"; };
		926DD37C2BC457A300BE2393 /* AvitoTechChallengeTests.xctest */ = {isa = PBXFileReference; explicitFileType = wrapper.cfbundle; includeInIndex = 0; path = AvitoTechChallengeTests.xctest; sourceTree = BUILT_PRODUCTS_DIR; };
		926DD3802BC457A300BE2393 /* AvitoTechChallengeTests.swift */ = {isa = PBXFileReference; lastKnownFileType = sourcecode.swift; path = AvitoTechChallengeTests.swift; sourceTree = "<group>"; };
		926DD3862BC457A300BE2393 /* AvitoTechChallengeUITests.xctest */ = {isa = PBXFileReference; explicitFileType = wrapper.cfbundle; includeInIndex = 0; path = AvitoTechChallengeUITests.xctest; sourceTree = BUILT_PRODUCTS_DIR; };
		926DD38A2BC457A300BE2393 /* AvitoTechChallengeUITests.swift */ = {isa = PBXFileReference; lastKnownFileType = sourcecode.swift; path = AvitoTechChallengeUITests.swift; sourceTree = "<group>"; };
		926DD38C2BC457A300BE2393 /* AvitoTechChallengeUITestsLaunchTests.swift */ = {isa = PBXFileReference; lastKnownFileType = sourcecode.swift; path = AvitoTechChallengeUITestsLaunchTests.swift; sourceTree = "<group>"; };
		926DD39D2BC4590D00BE2393 /* iTunesApi.swift */ = {isa = PBXFileReference; lastKnownFileType = sourcecode.swift; path = iTunesApi.swift; sourceTree = "<group>"; };
		926DD3A02BC4615900BE2393 /* ContentData.swift */ = {isa = PBXFileReference; lastKnownFileType = sourcecode.swift; path = ContentData.swift; sourceTree = "<group>"; };
		926DD3A22BC471CB00BE2393 /* SuggestionEngine.swift */ = {isa = PBXFileReference; lastKnownFileType = sourcecode.swift; path = SuggestionEngine.swift; sourceTree = "<group>"; };
		926DD3A42BC471DD00BE2393 /* Suggestion.swift */ = {isa = PBXFileReference; lastKnownFileType = sourcecode.swift; path = Suggestion.swift; sourceTree = "<group>"; };
		926DD3A62BC49EEA00BE2393 /* SearchScreenView.swift */ = {isa = PBXFileReference; lastKnownFileType = sourcecode.swift; path = SearchScreenView.swift; sourceTree = "<group>"; };
		926DD3A82BC592AB00BE2393 /* ContentCell.swift */ = {isa = PBXFileReference; lastKnownFileType = sourcecode.swift; path = ContentCell.swift; sourceTree = "<group>"; };
		92A842992BC8600E00ACF0C0 /* SearchScreenVM.swift */ = {isa = PBXFileReference; lastKnownFileType = sourcecode.swift; path = SearchScreenVM.swift; sourceTree = "<group>"; };
		92A8429B2BC9CCB600ACF0C0 /* DetailedInfoView.swift */ = {isa = PBXFileReference; lastKnownFileType = sourcecode.swift; path = DetailedInfoView.swift; sourceTree = "<group>"; };
		92A8429D2BCB195F00ACF0C0 /* DetailedInfoViewModel.swift */ = {isa = PBXFileReference; lastKnownFileType = sourcecode.swift; path = DetailedInfoViewModel.swift; sourceTree = "<group>"; };
/* End PBXFileReference section */

/* Begin PBXFrameworksBuildPhase section */
		926DD3632BC457A200BE2393 /* Frameworks */ = {
			isa = PBXFrameworksBuildPhase;
			buildActionMask = 2147483647;
			files = (
			);
			runOnlyForDeploymentPostprocessing = 0;
		};
		926DD3792BC457A300BE2393 /* Frameworks */ = {
			isa = PBXFrameworksBuildPhase;
			buildActionMask = 2147483647;
			files = (
			);
			runOnlyForDeploymentPostprocessing = 0;
		};
		926DD3832BC457A300BE2393 /* Frameworks */ = {
			isa = PBXFrameworksBuildPhase;
			buildActionMask = 2147483647;
			files = (
			);
			runOnlyForDeploymentPostprocessing = 0;
		};
/* End PBXFrameworksBuildPhase section */

/* Begin PBXGroup section */
		926DD35D2BC457A200BE2393 = {
			isa = PBXGroup;
			children = (
				926DD3682BC457A200BE2393 /* AvitoTechChallenge */,
				926DD37F2BC457A300BE2393 /* AvitoTechChallengeTests */,
				926DD3892BC457A300BE2393 /* AvitoTechChallengeUITests */,
				926DD3672BC457A200BE2393 /* Products */,
			);
			sourceTree = "<group>";
		};
		926DD3672BC457A200BE2393 /* Products */ = {
			isa = PBXGroup;
			children = (
				926DD3662BC457A200BE2393 /* AvitoTechChallenge.app */,
				926DD37C2BC457A300BE2393 /* AvitoTechChallengeTests.xctest */,
				926DD3862BC457A300BE2393 /* AvitoTechChallengeUITests.xctest */,
			);
			name = Products;
			sourceTree = "<group>";
		};
		926DD3682BC457A200BE2393 /* AvitoTechChallenge */ = {
			isa = PBXGroup;
			children = (
				926DD39C2BC458CB00BE2393 /* Application */,
				926DD39B2BC458C300BE2393 /* ViewModel */,
				926DD39A2BC458BE00BE2393 /* View */,
				926DD3992BC458B700BE2393 /* Model */,
				926DD3722BC457A300BE2393 /* Assets.xcassets */,
				926DD3742BC457A300BE2393 /* LaunchScreen.storyboard */,
				926DD3772BC457A300BE2393 /* Info.plist */,
			);
			path = AvitoTechChallenge;
			sourceTree = "<group>";
		};
		926DD37F2BC457A300BE2393 /* AvitoTechChallengeTests */ = {
			isa = PBXGroup;
			children = (
				926DD3802BC457A300BE2393 /* AvitoTechChallengeTests.swift */,
			);
			path = AvitoTechChallengeTests;
			sourceTree = "<group>";
		};
		926DD3892BC457A300BE2393 /* AvitoTechChallengeUITests */ = {
			isa = PBXGroup;
			children = (
				926DD38A2BC457A300BE2393 /* AvitoTechChallengeUITests.swift */,
				926DD38C2BC457A300BE2393 /* AvitoTechChallengeUITestsLaunchTests.swift */,
			);
			path = AvitoTechChallengeUITests;
			sourceTree = "<group>";
		};
		926DD3992BC458B700BE2393 /* Model */ = {
			isa = PBXGroup;
			children = (
				926DD39F2BC4614100BE2393 /* DataModel */,
				926DD39D2BC4590D00BE2393 /* iTunesApi.swift */,
				926DD3A22BC471CB00BE2393 /* SuggestionEngine.swift */,
			);
			path = Model;
			sourceTree = "<group>";
		};
		926DD39A2BC458BE00BE2393 /* View */ = {
			isa = PBXGroup;
			children = (
				926DD3A62BC49EEA00BE2393 /* SearchScreenView.swift */,
				926DD3A82BC592AB00BE2393 /* ContentCell.swift */,
				92A8429B2BC9CCB600ACF0C0 /* DetailedInfoView.swift */,
			);
			path = View;
			sourceTree = "<group>";
		};
		926DD39B2BC458C300BE2393 /* ViewModel */ = {
			isa = PBXGroup;
			children = (
				92A842992BC8600E00ACF0C0 /* SearchScreenVM.swift */,
				92A8429D2BCB195F00ACF0C0 /* DetailedInfoViewModel.swift */,
			);
			path = ViewModel;
			sourceTree = "<group>";
		};
		926DD39C2BC458CB00BE2393 /* Application */ = {
			isa = PBXGroup;
			children = (
				926DD36B2BC457A200BE2393 /* SceneDelegate.swift */,
				926DD3692BC457A200BE2393 /* AppDelegate.swift */,
			);
			path = Application;
			sourceTree = "<group>";
		};
		926DD39F2BC4614100BE2393 /* DataModel */ = {
			isa = PBXGroup;
			children = (
				926DD3A02BC4615900BE2393 /* ContentData.swift */,
				926DD3A42BC471DD00BE2393 /* Suggestion.swift */,
			);
			path = DataModel;
			sourceTree = "<group>";
		};
/* End PBXGroup section */

/* Begin PBXNativeTarget section */
		926DD3652BC457A200BE2393 /* AvitoTechChallenge */ = {
			isa = PBXNativeTarget;
			buildConfigurationList = 926DD3902BC457A300BE2393 /* Build configuration list for PBXNativeTarget "AvitoTechChallenge" */;
			buildPhases = (
				926DD3622BC457A200BE2393 /* Sources */,
				926DD3632BC457A200BE2393 /* Frameworks */,
				926DD3642BC457A200BE2393 /* Resources */,
			);
			buildRules = (
			);
			dependencies = (
			);
			name = AvitoTechChallenge;
			productName = AvitoTechChallenge;
			productReference = 926DD3662BC457A200BE2393 /* AvitoTechChallenge.app */;
			productType = "com.apple.product-type.application";
		};
		926DD37B2BC457A300BE2393 /* AvitoTechChallengeTests */ = {
			isa = PBXNativeTarget;
			buildConfigurationList = 926DD3932BC457A300BE2393 /* Build configuration list for PBXNativeTarget "AvitoTechChallengeTests" */;
			buildPhases = (
				926DD3782BC457A300BE2393 /* Sources */,
				926DD3792BC457A300BE2393 /* Frameworks */,
				926DD37A2BC457A300BE2393 /* Resources */,
			);
			buildRules = (
			);
			dependencies = (
				926DD37E2BC457A300BE2393 /* PBXTargetDependency */,
			);
			name = AvitoTechChallengeTests;
			productName = AvitoTechChallengeTests;
			productReference = 926DD37C2BC457A300BE2393 /* AvitoTechChallengeTests.xctest */;
			productType = "com.apple.product-type.bundle.unit-test";
		};
		926DD3852BC457A300BE2393 /* AvitoTechChallengeUITests */ = {
			isa = PBXNativeTarget;
			buildConfigurationList = 926DD3962BC457A300BE2393 /* Build configuration list for PBXNativeTarget "AvitoTechChallengeUITests" */;
			buildPhases = (
				926DD3822BC457A300BE2393 /* Sources */,
				926DD3832BC457A300BE2393 /* Frameworks */,
				926DD3842BC457A300BE2393 /* Resources */,
			);
			buildRules = (
			);
			dependencies = (
				926DD3882BC457A300BE2393 /* PBXTargetDependency */,
			);
			name = AvitoTechChallengeUITests;
			productName = AvitoTechChallengeUITests;
			productReference = 926DD3862BC457A300BE2393 /* AvitoTechChallengeUITests.xctest */;
			productType = "com.apple.product-type.bundle.ui-testing";
		};
/* End PBXNativeTarget section */

/* Begin PBXProject section */
		926DD35E2BC457A200BE2393 /* Project object */ = {
			isa = PBXProject;
			attributes = {
				BuildIndependentTargetsInParallel = 1;
				LastSwiftUpdateCheck = 1430;
				LastUpgradeCheck = 1430;
				TargetAttributes = {
					926DD3652BC457A200BE2393 = {
						CreatedOnToolsVersion = 14.3;
					};
					926DD37B2BC457A300BE2393 = {
						CreatedOnToolsVersion = 14.3;
						TestTargetID = 926DD3652BC457A200BE2393;
					};
					926DD3852BC457A300BE2393 = {
						CreatedOnToolsVersion = 14.3;
						TestTargetID = 926DD3652BC457A200BE2393;
					};
				};
			};
			buildConfigurationList = 926DD3612BC457A200BE2393 /* Build configuration list for PBXProject "AvitoTechChallenge" */;
			compatibilityVersion = "Xcode 14.0";
			developmentRegion = en;
			hasScannedForEncodings = 0;
			knownRegions = (
				en,
				Base,
			);
			mainGroup = 926DD35D2BC457A200BE2393;
			productRefGroup = 926DD3672BC457A200BE2393 /* Products */;
			projectDirPath = "";
			projectRoot = "";
			targets = (
				926DD3652BC457A200BE2393 /* AvitoTechChallenge */,
				926DD37B2BC457A300BE2393 /* AvitoTechChallengeTests */,
				926DD3852BC457A300BE2393 /* AvitoTechChallengeUITests */,
			);
		};
/* End PBXProject section */

/* Begin PBXResourcesBuildPhase section */
		926DD3642BC457A200BE2393 /* Resources */ = {
			isa = PBXResourcesBuildPhase;
			buildActionMask = 2147483647;
			files = (
				926DD3762BC457A300BE2393 /* LaunchScreen.storyboard in Resources */,
				926DD3732BC457A300BE2393 /* Assets.xcassets in Resources */,
			);
			runOnlyForDeploymentPostprocessing = 0;
		};
		926DD37A2BC457A300BE2393 /* Resources */ = {
			isa = PBXResourcesBuildPhase;
			buildActionMask = 2147483647;
			files = (
			);
			runOnlyForDeploymentPostprocessing = 0;
		};
		926DD3842BC457A300BE2393 /* Resources */ = {
			isa = PBXResourcesBuildPhase;
			buildActionMask = 2147483647;
			files = (
			);
			runOnlyForDeploymentPostprocessing = 0;
		};
/* End PBXResourcesBuildPhase section */

/* Begin PBXSourcesBuildPhase section */
		926DD3622BC457A200BE2393 /* Sources */ = {
			isa = PBXSourcesBuildPhase;
			buildActionMask = 2147483647;
			files = (
				926DD39E2BC4590D00BE2393 /* iTunesApi.swift in Sources */,
				926DD3A32BC471CB00BE2393 /* SuggestionEngine.swift in Sources */,
				926DD3A72BC49EEA00BE2393 /* SearchScreenView.swift in Sources */,
				926DD3A92BC592AB00BE2393 /* ContentCell.swift in Sources */,
				92A8429C2BC9CCB600ACF0C0 /* DetailedInfoView.swift in Sources */,
				92A8429E2BCB195F00ACF0C0 /* DetailedInfoViewModel.swift in Sources */,
				926DD36A2BC457A200BE2393 /* AppDelegate.swift in Sources */,
				926DD36C2BC457A200BE2393 /* SceneDelegate.swift in Sources */,
				926DD3A52BC471DD00BE2393 /* Suggestion.swift in Sources */,
				92A8429A2BC8600E00ACF0C0 /* SearchScreenVM.swift in Sources */,
				926DD3A12BC4615900BE2393 /* ContentData.swift in Sources */,
			);
			runOnlyForDeploymentPostprocessing = 0;
		};
		926DD3782BC457A300BE2393 /* Sources */ = {
			isa = PBXSourcesBuildPhase;
			buildActionMask = 2147483647;
			files = (
				926DD3812BC457A300BE2393 /* AvitoTechChallengeTests.swift in Sources */,
			);
			runOnlyForDeploymentPostprocessing = 0;
		};
		926DD3822BC457A300BE2393 /* Sources */ = {
			isa = PBXSourcesBuildPhase;
			buildActionMask = 2147483647;
			files = (
				926DD38D2BC457A300BE2393 /* AvitoTechChallengeUITestsLaunchTests.swift in Sources */,
				926DD38B2BC457A300BE2393 /* AvitoTechChallengeUITests.swift in Sources */,
			);
			runOnlyForDeploymentPostprocessing = 0;
		};
/* End PBXSourcesBuildPhase section */

/* Begin PBXTargetDependency section */
		926DD37E2BC457A300BE2393 /* PBXTargetDependency */ = {
			isa = PBXTargetDependency;
			target = 926DD3652BC457A200BE2393 /* AvitoTechChallenge */;
			targetProxy = 926DD37D2BC457A300BE2393 /* PBXContainerItemProxy */;
		};
		926DD3882BC457A300BE2393 /* PBXTargetDependency */ = {
			isa = PBXTargetDependency;
			target = 926DD3652BC457A200BE2393 /* AvitoTechChallenge */;
			targetProxy = 926DD3872BC457A300BE2393 /* PBXContainerItemProxy */;
		};
/* End PBXTargetDependency section */

/* Begin PBXVariantGroup section */
		926DD3742BC457A300BE2393 /* LaunchScreen.storyboard */ = {
			isa = PBXVariantGroup;
			children = (
				926DD3752BC457A300BE2393 /* Base */,
			);
			name = LaunchScreen.storyboard;
			sourceTree = "<group>";
		};
/* End PBXVariantGroup section */

/* Begin XCBuildConfiguration section */
		926DD38E2BC457A300BE2393 /* Debug */ = {
			isa = XCBuildConfiguration;
			buildSettings = {
				ALWAYS_SEARCH_USER_PATHS = NO;
				CLANG_ANALYZER_NONNULL = YES;
				CLANG_ANALYZER_NUMBER_OBJECT_CONVERSION = YES_AGGRESSIVE;
				CLANG_CXX_LANGUAGE_STANDARD = "gnu++20";
				CLANG_ENABLE_MODULES = YES;
				CLANG_ENABLE_OBJC_ARC = YES;
				CLANG_ENABLE_OBJC_WEAK = YES;
				CLANG_WARN_BLOCK_CAPTURE_AUTORELEASING = YES;
				CLANG_WARN_BOOL_CONVERSION = YES;
				CLANG_WARN_COMMA = YES;
				CLANG_WARN_CONSTANT_CONVERSION = YES;
				CLANG_WARN_DEPRECATED_OBJC_IMPLEMENTATIONS = YES;
				CLANG_WARN_DIRECT_OBJC_ISA_USAGE = YES_ERROR;
				CLANG_WARN_DOCUMENTATION_COMMENTS = YES;
				CLANG_WARN_EMPTY_BODY = YES;
				CLANG_WARN_ENUM_CONVERSION = YES;
				CLANG_WARN_INFINITE_RECURSION = YES;
				CLANG_WARN_INT_CONVERSION = YES;
				CLANG_WARN_NON_LITERAL_NULL_CONVERSION = YES;
				CLANG_WARN_OBJC_IMPLICIT_RETAIN_SELF = YES;
				CLANG_WARN_OBJC_LITERAL_CONVERSION = YES;
				CLANG_WARN_OBJC_ROOT_CLASS = YES_ERROR;
				CLANG_WARN_QUOTED_INCLUDE_IN_FRAMEWORK_HEADER = YES;
				CLANG_WARN_RANGE_LOOP_ANALYSIS = YES;
				CLANG_WARN_STRICT_PROTOTYPES = YES;
				CLANG_WARN_SUSPICIOUS_MOVE = YES;
				CLANG_WARN_UNGUARDED_AVAILABILITY = YES_AGGRESSIVE;
				CLANG_WARN_UNREACHABLE_CODE = YES;
				CLANG_WARN__DUPLICATE_METHOD_MATCH = YES;
				COPY_PHASE_STRIP = NO;
				DEBUG_INFORMATION_FORMAT = dwarf;
				ENABLE_STRICT_OBJC_MSGSEND = YES;
				ENABLE_TESTABILITY = YES;
				GCC_C_LANGUAGE_STANDARD = gnu11;
				GCC_DYNAMIC_NO_PIC = NO;
				GCC_NO_COMMON_BLOCKS = YES;
				GCC_OPTIMIZATION_LEVEL = 0;
				GCC_PREPROCESSOR_DEFINITIONS = (
					"DEBUG=1",
					"$(inherited)",
				);
				GCC_WARN_64_TO_32_BIT_CONVERSION = YES;
				GCC_WARN_ABOUT_RETURN_TYPE = YES_ERROR;
				GCC_WARN_UNDECLARED_SELECTOR = YES;
				GCC_WARN_UNINITIALIZED_AUTOS = YES_AGGRESSIVE;
				GCC_WARN_UNUSED_FUNCTION = YES;
				GCC_WARN_UNUSED_VARIABLE = YES;
				IPHONEOS_DEPLOYMENT_TARGET = 16.4;
				MTL_ENABLE_DEBUG_INFO = INCLUDE_SOURCE;
				MTL_FAST_MATH = YES;
				ONLY_ACTIVE_ARCH = YES;
				SDKROOT = iphoneos;
				SWIFT_ACTIVE_COMPILATION_CONDITIONS = DEBUG;
				SWIFT_OPTIMIZATION_LEVEL = "-Onone";
			};
			name = Debug;
		};
		926DD38F2BC457A300BE2393 /* Release */ = {
			isa = XCBuildConfiguration;
			buildSettings = {
				ALWAYS_SEARCH_USER_PATHS = NO;
				CLANG_ANALYZER_NONNULL = YES;
				CLANG_ANALYZER_NUMBER_OBJECT_CONVERSION = YES_AGGRESSIVE;
				CLANG_CXX_LANGUAGE_STANDARD = "gnu++20";
				CLANG_ENABLE_MODULES = YES;
				CLANG_ENABLE_OBJC_ARC = YES;
				CLANG_ENABLE_OBJC_WEAK = YES;
				CLANG_WARN_BLOCK_CAPTURE_AUTORELEASING = YES;
				CLANG_WARN_BOOL_CONVERSION = YES;
				CLANG_WARN_COMMA = YES;
				CLANG_WARN_CONSTANT_CONVERSION = YES;
				CLANG_WARN_DEPRECATED_OBJC_IMPLEMENTATIONS = YES;
				CLANG_WARN_DIRECT_OBJC_ISA_USAGE = YES_ERROR;
				CLANG_WARN_DOCUMENTATION_COMMENTS = YES;
				CLANG_WARN_EMPTY_BODY = YES;
				CLANG_WARN_ENUM_CONVERSION = YES;
				CLANG_WARN_INFINITE_RECURSION = YES;
				CLANG_WARN_INT_CONVERSION = YES;
				CLANG_WARN_NON_LITERAL_NULL_CONVERSION = YES;
				CLANG_WARN_OBJC_IMPLICIT_RETAIN_SELF = YES;
				CLANG_WARN_OBJC_LITERAL_CONVERSION = YES;
				CLANG_WARN_OBJC_ROOT_CLASS = YES_ERROR;
				CLANG_WARN_QUOTED_INCLUDE_IN_FRAMEWORK_HEADER = YES;
				CLANG_WARN_RANGE_LOOP_ANALYSIS = YES;
				CLANG_WARN_STRICT_PROTOTYPES = YES;
				CLANG_WARN_SUSPICIOUS_MOVE = YES;
				CLANG_WARN_UNGUARDED_AVAILABILITY = YES_AGGRESSIVE;
				CLANG_WARN_UNREACHABLE_CODE = YES;
				CLANG_WARN__DUPLICATE_METHOD_MATCH = YES;
				COPY_PHASE_STRIP = NO;
				DEBUG_INFORMATION_FORMAT = "dwarf-with-dsym";
				ENABLE_NS_ASSERTIONS = NO;
				ENABLE_STRICT_OBJC_MSGSEND = YES;
				GCC_C_LANGUAGE_STANDARD = gnu11;
				GCC_NO_COMMON_BLOCKS = YES;
				GCC_WARN_64_TO_32_BIT_CONVERSION = YES;
				GCC_WARN_ABOUT_RETURN_TYPE = YES_ERROR;
				GCC_WARN_UNDECLARED_SELECTOR = YES;
				GCC_WARN_UNINITIALIZED_AUTOS = YES_AGGRESSIVE;
				GCC_WARN_UNUSED_FUNCTION = YES;
				GCC_WARN_UNUSED_VARIABLE = YES;
				IPHONEOS_DEPLOYMENT_TARGET = 16.4;
				MTL_ENABLE_DEBUG_INFO = NO;
				MTL_FAST_MATH = YES;
				SDKROOT = iphoneos;
				SWIFT_COMPILATION_MODE = wholemodule;
				SWIFT_OPTIMIZATION_LEVEL = "-O";
				VALIDATE_PRODUCT = YES;
			};
			name = Release;
		};
		926DD3912BC457A300BE2393 /* Debug */ = {
			isa = XCBuildConfiguration;
			buildSettings = {
				ASSETCATALOG_COMPILER_APPICON_NAME = AppIcon;
				ASSETCATALOG_COMPILER_GLOBAL_ACCENT_COLOR_NAME = AccentColor;
				CODE_SIGN_STYLE = Automatic;
				CURRENT_PROJECT_VERSION = 1;
				DEVELOPMENT_TEAM = 95VHSTU4WC;
				GENERATE_INFOPLIST_FILE = YES;
				INFOPLIST_FILE = AvitoTechChallenge/Info.plist;
				INFOPLIST_KEY_UIApplicationSupportsIndirectInputEvents = YES;
				INFOPLIST_KEY_UILaunchStoryboardName = LaunchScreen;
				INFOPLIST_KEY_UISupportedInterfaceOrientations_iPad = "UIInterfaceOrientationPortrait UIInterfaceOrientationPortraitUpsideDown UIInterfaceOrientationLandscapeLeft UIInterfaceOrientationLandscapeRight";
				INFOPLIST_KEY_UISupportedInterfaceOrientations_iPhone = "UIInterfaceOrientationPortrait UIInterfaceOrientationLandscapeLeft UIInterfaceOrientationLandscapeRight";
				LD_RUNPATH_SEARCH_PATHS = (
					"$(inherited)",
					"@executable_path/Frameworks",
				);
				MARKETING_VERSION = 1.0;
				PRODUCT_BUNDLE_IDENTIFIER = denissidorenko.AvitoTechChallenge;
				PRODUCT_NAME = "$(TARGET_NAME)";
				SWIFT_EMIT_LOC_STRINGS = YES;
				SWIFT_VERSION = 5.0;
				TARGETED_DEVICE_FAMILY = "1,2";
			};
			name = Debug;
		};
		926DD3922BC457A300BE2393 /* Release */ = {
			isa = XCBuildConfiguration;
			buildSettings = {
				ASSETCATALOG_COMPILER_APPICON_NAME = AppIcon;
				ASSETCATALOG_COMPILER_GLOBAL_ACCENT_COLOR_NAME = AccentColor;
				CODE_SIGN_STYLE = Automatic;
				CURRENT_PROJECT_VERSION = 1;
				DEVELOPMENT_TEAM = 95VHSTU4WC;
				GENERATE_INFOPLIST_FILE = YES;
				INFOPLIST_FILE = AvitoTechChallenge/Info.plist;
				INFOPLIST_KEY_UIApplicationSupportsIndirectInputEvents = YES;
				INFOPLIST_KEY_UILaunchStoryboardName = LaunchScreen;
				INFOPLIST_KEY_UISupportedInterfaceOrientations_iPad = "UIInterfaceOrientationPortrait UIInterfaceOrientationPortraitUpsideDown UIInterfaceOrientationLandscapeLeft UIInterfaceOrientationLandscapeRight";
				INFOPLIST_KEY_UISupportedInterfaceOrientations_iPhone = "UIInterfaceOrientationPortrait UIInterfaceOrientationLandscapeLeft UIInterfaceOrientationLandscapeRight";
				LD_RUNPATH_SEARCH_PATHS = (
					"$(inherited)",
					"@executable_path/Frameworks",
				);
				MARKETING_VERSION = 1.0;
				PRODUCT_BUNDLE_IDENTIFIER = denissidorenko.AvitoTechChallenge;
				PRODUCT_NAME = "$(TARGET_NAME)";
				SWIFT_EMIT_LOC_STRINGS = YES;
				SWIFT_VERSION = 5.0;
				TARGETED_DEVICE_FAMILY = "1,2";
			};
			name = Release;
		};
		926DD3942BC457A300BE2393 /* Debug */ = {
			isa = XCBuildConfiguration;
			buildSettings = {
				ALWAYS_EMBED_SWIFT_STANDARD_LIBRARIES = YES;
				BUNDLE_LOADER = "$(TEST_HOST)";
				CODE_SIGN_STYLE = Automatic;
				CURRENT_PROJECT_VERSION = 1;
				DEVELOPMENT_TEAM = 95VHSTU4WC;
				GENERATE_INFOPLIST_FILE = YES;
				IPHONEOS_DEPLOYMENT_TARGET = 16.4;
				MARKETING_VERSION = 1.0;
				PRODUCT_BUNDLE_IDENTIFIER = denissidorenko.AvitoTechChallengeTests;
				PRODUCT_NAME = "$(TARGET_NAME)";
				SWIFT_EMIT_LOC_STRINGS = NO;
				SWIFT_VERSION = 5.0;
				TARGETED_DEVICE_FAMILY = "1,2";
				TEST_HOST = "$(BUILT_PRODUCTS_DIR)/AvitoTechChallenge.app/$(BUNDLE_EXECUTABLE_FOLDER_PATH)/AvitoTechChallenge";
			};
			name = Debug;
		};
		926DD3952BC457A300BE2393 /* Release */ = {
			isa = XCBuildConfiguration;
			buildSettings = {
				ALWAYS_EMBED_SWIFT_STANDARD_LIBRARIES = YES;
				BUNDLE_LOADER = "$(TEST_HOST)";
				CODE_SIGN_STYLE = Automatic;
				CURRENT_PROJECT_VERSION = 1;
				DEVELOPMENT_TEAM = 95VHSTU4WC;
				GENERATE_INFOPLIST_FILE = YES;
				IPHONEOS_DEPLOYMENT_TARGET = 16.4;
				MARKETING_VERSION = 1.0;
				PRODUCT_BUNDLE_IDENTIFIER = denissidorenko.AvitoTechChallengeTests;
				PRODUCT_NAME = "$(TARGET_NAME)";
				SWIFT_EMIT_LOC_STRINGS = NO;
				SWIFT_VERSION = 5.0;
				TARGETED_DEVICE_FAMILY = "1,2";
				TEST_HOST = "$(BUILT_PRODUCTS_DIR)/AvitoTechChallenge.app/$(BUNDLE_EXECUTABLE_FOLDER_PATH)/AvitoTechChallenge";
			};
			name = Release;
		};
		926DD3972BC457A300BE2393 /* Debug */ = {
			isa = XCBuildConfiguration;
			buildSettings = {
				ALWAYS_EMBED_SWIFT_STANDARD_LIBRARIES = YES;
				CODE_SIGN_STYLE = Automatic;
				CURRENT_PROJECT_VERSION = 1;
				DEVELOPMENT_TEAM = 95VHSTU4WC;
				GENERATE_INFOPLIST_FILE = YES;
				MARKETING_VERSION = 1.0;
				PRODUCT_BUNDLE_IDENTIFIER = denissidorenko.AvitoTechChallengeUITests;
				PRODUCT_NAME = "$(TARGET_NAME)";
				SWIFT_EMIT_LOC_STRINGS = NO;
				SWIFT_VERSION = 5.0;
				TARGETED_DEVICE_FAMILY = "1,2";
				TEST_TARGET_NAME = AvitoTechChallenge;
			};
			name = Debug;
		};
		926DD3982BC457A300BE2393 /* Release */ = {
			isa = XCBuildConfiguration;
			buildSettings = {
				ALWAYS_EMBED_SWIFT_STANDARD_LIBRARIES = YES;
				CODE_SIGN_STYLE = Automatic;
				CURRENT_PROJECT_VERSION = 1;
				DEVELOPMENT_TEAM = 95VHSTU4WC;
				GENERATE_INFOPLIST_FILE = YES;
				MARKETING_VERSION = 1.0;
				PRODUCT_BUNDLE_IDENTIFIER = denissidorenko.AvitoTechChallengeUITests;
				PRODUCT_NAME = "$(TARGET_NAME)";
				SWIFT_EMIT_LOC_STRINGS = NO;
				SWIFT_VERSION = 5.0;
				TARGETED_DEVICE_FAMILY = "1,2";
				TEST_TARGET_NAME = AvitoTechChallenge;
			};
			name = Release;
		};
/* End XCBuildConfiguration section */

/* Begin XCConfigurationList section */
		926DD3612BC457A200BE2393 /* Build configuration list for PBXProject "AvitoTechChallenge" */ = {
			isa = XCConfigurationList;
			buildConfigurations = (
				926DD38E2BC457A300BE2393 /* Debug */,
				926DD38F2BC457A300BE2393 /* Release */,
			);
			defaultConfigurationIsVisible = 0;
			defaultConfigurationName = Release;
		};
		926DD3902BC457A300BE2393 /* Build configuration list for PBXNativeTarget "AvitoTechChallenge" */ = {
			isa = XCConfigurationList;
			buildConfigurations = (
				926DD3912BC457A300BE2393 /* Debug */,
				926DD3922BC457A300BE2393 /* Release */,
			);
			defaultConfigurationIsVisible = 0;
			defaultConfigurationName = Release;
		};
		926DD3932BC457A300BE2393 /* Build configuration list for PBXNativeTarget "AvitoTechChallengeTests" */ = {
			isa = XCConfigurationList;
			buildConfigurations = (
				926DD3942BC457A300BE2393 /* Debug */,
				926DD3952BC457A300BE2393 /* Release */,
			);
			defaultConfigurationIsVisible = 0;
			defaultConfigurationName = Release;
		};
		926DD3962BC457A300BE2393 /* Build configuration list for PBXNativeTarget "AvitoTechChallengeUITests" */ = {
			isa = XCConfigurationList;
			buildConfigurations = (
				926DD3972BC457A300BE2393 /* Debug */,
				926DD3982BC457A300BE2393 /* Release */,
			);
			defaultConfigurationIsVisible = 0;
			defaultConfigurationName = Release;
		};
/* End XCConfigurationList section */
	};
	rootObject = 926DD35E2BC457A200BE2393 /* Project object */;
}
